hash: 2eeb033690d53d18b555e3f459afd3450a12e6368edec49da40880ec5b877d2b
updated: 2016-08-16T18:40:00.847343775-05:00
imports:
- name: github.com/corybuecker/jsonfetcher
  version: a5715629adf9a579a2a9941a53a733104cd4e454
- name: github.com/corybuecker/mgoconfig
  version: 2e0d60127ba5650527a9945465e4d706f3253241
- name: github.com/urfave/cli
  version: 168c95418e66e019fe17b8f4f5c45aa62ff80e23
- name: gopkg.in/mgo.v2
  version: 01084657862d7b12d3b10ffd0394357abf8f8bc2
  subpackages:
  - bson
  - internal/sasl
  - internal/scram
  - internal/json
testImports: []
