hash: 2eeb033690d53d18b555e3f459afd3450a12e6368edec49da40880ec5b877d2b
updated: 2016-09-11T18:07:58.65607708-05:00
imports:
- name: github.com/corybuecker/jsonfetcher
  version: a5715629adf9a579a2a9941a53a733104cd4e454
- name: github.com/corybuecker/mgoconfig
  version: 1eab6dc5fd9023a6c62c3c122218320852f62354
- name: github.com/urfave/cli
  version: 86b8c43eaf9af06ec2a4cb367888d885e27651ba
- name: gopkg.in/mgo.v2
  version: 3f83fa5005286a7fe593b055f0d7771a7dce4655
  subpackages:
  - bson
  - internal/json
  - internal/sasl
  - internal/scram
testImports: []
